
Microsoft Visual Studio Solution File, Format Version 12.00
# Visual Studio Version 16
VisualStudioVersion = 16.0.28803.352
MinimumVisualStudioVersion = 10.0.40219.1
Project("{888888A0-9F3D-457C-B088-3A5042F75D52}") = "ModuleConsumer", "ModuleConsumer\ModuleConsumer.pyproj", "{79D5C2E3-4149-4097-8633-FAF3C42EE393}"
EndProject
Project("{8BC9CEB8-8B4A-11D0-8D11-00A0C91BC942}") = "TestModule", "TestModule\TestModule.vcxproj", "{95C94B7C-678E-4D0F-B99C-88B052688690}"
EndProject
Project("{8BC9CEB8-8B4A-11D0-8D11-00A0C91BC942}") = "CPP-Konsole", "CPP-Konsole\CPP-Konsole.vcxproj", "{6C6D38D4-8413-4C80-BF8E-E9B4D239C4D0}"
EndProject
Global
	GlobalSection(SolutionConfigurationPlatforms) = preSolution
		Debug|Any CPU = Debug|Any CPU
		Debug|x64 = Debug|x64
		Debug|x86 = Debug|x86
		Release|Any CPU = Release|Any CPU
		Release|x64 = Release|x64
		Release|x86 = Release|x86
	EndGlobalSection
	GlobalSection(ProjectConfigurationPlatforms) = postSolution
		{79D5C2E3-4149-4097-8633-FAF3C42EE393}.Debug|Any CPU.ActiveCfg = Debug|Any CPU
		{79D5C2E3-4149-4097-8633-FAF3C42EE393}.Debug|x64.ActiveCfg = Debug|Any CPU
		{79D5C2E3-4149-4097-8633-FAF3C42EE393}.Debug|x86.ActiveCfg = Debug|Any CPU
		{79D5C2E3-4149-4097-8633-FAF3C42EE393}.Release|Any CPU.ActiveCfg = Release|Any CPU
		{79D5C2E3-4149-4097-8633-FAF3C42EE393}.Release|x64.ActiveCfg = Release|Any CPU
		{79D5C2E3-4149-4097-8633-FAF3C42EE393}.Release|x86.ActiveCfg = Release|Any CPU
		{95C94B7C-678E-4D0F-B99C-88B052688690}.Debug|Any CPU.ActiveCfg = Debug|Win32
		{95C94B7C-678E-4D0F-B99C-88B052688690}.Debug|x64.ActiveCfg = Debug|x64
		{95C94B7C-678E-4D0F-B99C-88B052688690}.Debug|x64.Build.0 = Debug|x64
		{95C94B7C-678E-4D0F-B99C-88B052688690}.Debug|x86.ActiveCfg = Debug|Win32
		{95C94B7C-678E-4D0F-B99C-88B052688690}.Debug|x86.Build.0 = Debug|Win32
		{95C94B7C-678E-4D0F-B99C-88B052688690}.Release|Any CPU.ActiveCfg = Release|Win32
		{95C94B7C-678E-4D0F-B99C-88B052688690}.Release|x64.ActiveCfg = Release|x64
		{95C94B7C-678E-4D0F-B99C-88B052688690}.Release|x64.Build.0 = Release|x64
		{95C94B7C-678E-4D0F-B99C-88B052688690}.Release|x86.ActiveCfg = Release|Win32
		{95C94B7C-678E-4D0F-B99C-88B052688690}.Release|x86.Build.0 = Release|Win32
		{6C6D38D4-8413-4C80-BF8E-E9B4D239C4D0}.Debug|Any CPU.ActiveCfg = Debug|Win32
		{6C6D38D4-8413-4C80-BF8E-E9B4D239C4D0}.Debug|x64.ActiveCfg = Debug|x64
		{6C6D38D4-8413-4C80-BF8E-E9B4D239C4D0}.Debug|x64.Build.0 = Debug|x64
		{6C6D38D4-8413-4C80-BF8E-E9B4D239C4D0}.Debug|x86.ActiveCfg = Debug|Win32
		{6C6D38D4-8413-4C80-BF8E-E9B4D239C4D0}.Debug|x86.Build.0 = Debug|Win32
		{6C6D38D4-8413-4C80-BF8E-E9B4D239C4D0}.Release|Any CPU.ActiveCfg = Release|Win32
		{6C6D38D4-8413-4C80-BF8E-E9B4D239C4D0}.Release|x64.ActiveCfg = Release|x64
		{6C6D38D4-8413-4C80-BF8E-E9B4D239C4D0}.Release|x64.Build.0 = Release|x64
		{6C6D38D4-8413-4C80-BF8E-E9B4D239C4D0}.Release|x86.ActiveCfg = Release|Win32
		{6C6D38D4-8413-4C80-BF8E-E9B4D239C4D0}.Release|x86.Build.0 = Release|Win32
	EndGlobalSection
	GlobalSection(SolutionProperties) = preSolution
		HideSolutionNode = FALSE
	EndGlobalSection
	GlobalSection(ExtensibilityGlobals) = postSolution
		SolutionGuid = {B199FB09-C68D-4674-B440-38C910AB5631}
	EndGlobalSection
EndGlobal
